// !$*UTF8*$!
{
	archiveVersion = 1;
	classes = {
	};
	objectVersion = 46;
	objects = {

/* Begin PBXBuildFile section */
		1827BB6F164F8FBD00A869B9 /* MainStoryboard_iPad.storyboard in Resources */ = {isa = PBXBuildFile; fileRef = 1827BB6D164F8FBD00A869B9 /* MainStoryboard_iPad.storyboard */; };
		1827BB77164F929900A869B9 /* Icon48.png in Resources */ = {isa = PBXBuildFile; fileRef = 1827BB70164F929800A869B9 /* Icon48.png */; };
		1827BB78164F929900A869B9 /* Icon.png in Resources */ = {isa = PBXBuildFile; fileRef = 1827BB71164F929800A869B9 /* Icon.png */; };
		1827BB79164F929900A869B9 /* Icon57.png in Resources */ = {isa = PBXBuildFile; fileRef = 1827BB72164F929800A869B9 /* Icon57.png */; };
		1827BB7A164F929900A869B9 /* Icon72.png in Resources */ = {isa = PBXBuildFile; fileRef = 1827BB73164F929900A869B9 /* Icon72.png */; };
		1827BB7B164F929900A869B9 /* Icon@2x.png in Resources */ = {isa = PBXBuildFile; fileRef = 1827BB74164F929900A869B9 /* Icon@2x.png */; };
		1827BB7C164F929900A869B9 /* Icon114.png in Resources */ = {isa = PBXBuildFile; fileRef = 1827BB75164F929900A869B9 /* Icon114.png */; };
		1827BB7D164F929900A869B9 /* Icon512.png in Resources */ = {isa = PBXBuildFile; fileRef = 1827BB76164F929900A869B9 /* Icon512.png */; };
		1827BB7F164F935500A869B9 /* Icon72@2x.png in Resources */ = {isa = PBXBuildFile; fileRef = 1827BB7E164F935500A869B9 /* Icon72@2x.png */; };
		1827BB81164F93CD00A869B9 /* Icon58.png in Resources */ = {isa = PBXBuildFile; fileRef = 1827BB80164F93CD00A869B9 /* Icon58.png */; };
		1827BB83164F94E900A869B9 /* camera_action.png in Resources */ = {isa = PBXBuildFile; fileRef = 1827BB82164F94E900A869B9 /* camera_action.png */; };
		1827BB87164FA4C300A869B9 /* Default.png in Resources */ = {isa = PBXBuildFile; fileRef = 1827BB86164FA4C300A869B9 /* Default.png */; };
		183948A71658268C00FD7A99 /* fx.png in Resources */ = {isa = PBXBuildFile; fileRef = 183948A61658268C00FD7A99 /* fx.png */; };
		18938D161659ED7C007196D0 /* MBProgressHUD.m in Sources */ = {isa = PBXBuildFile; fileRef = 18938D151659ED7C007196D0 /* MBProgressHUD.m */; };
		18963ED2164FC9FD0087B1E6 /* FSGPUImageFilterManager.m in Sources */ = {isa = PBXBuildFile; fileRef = 18963ED1164FC9FD0087B1E6 /* FSGPUImageFilterManager.m */; };
		189A0C911658B747003ED0D5 /* PreviewFilterViewController.m in Sources */ = {isa = PBXBuildFile; fileRef = 189A0C901658B747003ED0D5 /* PreviewFilterViewController.m */; };
		189C5A3316593817000378DA /* s3.png in Resources */ = {isa = PBXBuildFile; fileRef = 189C5A3016593817000378DA /* s3.png */; };
		189C5A3416593817000378DA /* s2.png in Resources */ = {isa = PBXBuildFile; fileRef = 189C5A3116593817000378DA /* s2.png */; };
		189C5A3516593817000378DA /* s1.png in Resources */ = {isa = PBXBuildFile; fileRef = 189C5A3216593817000378DA /* s1.png */; };
		18A28CF4165A03D700ABF876 /* switch.png in Resources */ = {isa = PBXBuildFile; fileRef = 18A28CF3165A03D700ABF876 /* switch.png */; };
		18A28CF8165A0A8D00ABF876 /* back.png in Resources */ = {isa = PBXBuildFile; fileRef = 18A28CF5165A0A8D00ABF876 /* back.png */; };
		18A28CFA165A0A8D00ABF876 /* switch2.png in Resources */ = {isa = PBXBuildFile; fileRef = 18A28CF7165A0A8D00ABF876 /* switch2.png */; };
		18A28CFC165A0AA600ABF876 /* switch3.png in Resources */ = {isa = PBXBuildFile; fileRef = 18A28CFB165A0AA500ABF876 /* switch3.png */; };
		18A28D00165A0F9900ABF876 /* switch0.png in Resources */ = {isa = PBXBuildFile; fileRef = 18A28CFF165A0F9900ABF876 /* switch0.png */; };
		18A4331C164E1D0300C58F27 /* CameraFXManager.m in Sources */ = {isa = PBXBuildFile; fileRef = 18A4331B164E1D0300C58F27 /* CameraFXManager.m */; };
		18A43325164E22EF00C58F27 /* FXImageView.m in Sources */ = {isa = PBXBuildFile; fileRef = 18A43322164E22EF00C58F27 /* FXImageView.m */; };
		18A43326164E22EF00C58F27 /* UIImage+FX.m in Sources */ = {isa = PBXBuildFile; fileRef = 18A43324164E22EF00C58F27 /* UIImage+FX.m */; };
		18A4332B164E2CAE00C58F27 /* zune.jpg in Resources */ = {isa = PBXBuildFile; fileRef = 18A4332A164E2CAE00C58F27 /* zune.jpg */; };
		18A5541B164948C1007AF252 /* README.md in Resources */ = {isa = PBXBuildFile; fileRef = 18A5541A164948C1007AF252 /* README.md */; };
		18AEE457164E687700D1A3D3 /* libShareKit.a in Frameworks */ = {isa = PBXBuildFile; fileRef = 18AEE410164E681700D1A3D3 /* libShareKit.a */; };
		18AEE458164E68DD00D1A3D3 /* ShareKit.bundle in Resources */ = {isa = PBXBuildFile; fileRef = 18AEE412164E681700D1A3D3 /* ShareKit.bundle */; };
		18AEE45A164E694100D1A3D3 /* SystemConfiguration.framework in Frameworks */ = {isa = PBXBuildFile; fileRef = 18AEE459164E694100D1A3D3 /* SystemConfiguration.framework */; };
		18AEE45C164E694D00D1A3D3 /* Security.framework in Frameworks */ = {isa = PBXBuildFile; fileRef = 18AEE45B164E694D00D1A3D3 /* Security.framework */; };
		18AEE45E164E695900D1A3D3 /* MessageUI.framework in Frameworks */ = {isa = PBXBuildFile; fileRef = 18AEE45D164E695900D1A3D3 /* MessageUI.framework */; };
		18AEE460164E696300D1A3D3 /* CFNetwork.framework in Frameworks */ = {isa = PBXBuildFile; fileRef = 18AEE45F164E696300D1A3D3 /* CFNetwork.framework */; };
		18AEE462164E697400D1A3D3 /* Twitter.framework in Frameworks */ = {isa = PBXBuildFile; fileRef = 18AEE461164E697400D1A3D3 /* Twitter.framework */; };
		18AEE496164E6E8C00D1A3D3 /* MySHKConfigurator.m in Sources */ = {isa = PBXBuildFile; fileRef = 18AEE495164E6E8C00D1A3D3 /* MySHKConfigurator.m */; };
		18AEE498164E6EE800D1A3D3 /* CoreLocation.framework in Frameworks */ = {isa = PBXBuildFile; fileRef = 18AEE497164E6EE800D1A3D3 /* CoreLocation.framework */; };
		18AEE4CF164E9B7E00D1A3D3 /* MySHKSharers.plist in Resources */ = {isa = PBXBuildFile; fileRef = 18AEE4CE164E9B7E00D1A3D3 /* MySHKSharers.plist */; };
		1F12BD2D15FEFC0200DD8284 /* MTCameraViewController.m in Sources */ = {isa = PBXBuildFile; fileRef = 1F12BD2C15FEFC0200DD8284 /* MTCameraViewController.m */; };
		1F8C30D41600FEAF00FEBB7B /* UIImage+ProportionalFill.m in Sources */ = {isa = PBXBuildFile; fileRef = 1F8C30D31600FE0D00FEBB7B /* UIImage+ProportionalFill.m */; };
		1F92413415F741B90089AAAF /* UIKit.framework in Frameworks */ = {isa = PBXBuildFile; fileRef = 1F92413315F741B90089AAAF /* UIKit.framework */; };
		1F92413615F741B90089AAAF /* Foundation.framework in Frameworks */ = {isa = PBXBuildFile; fileRef = 1F92413515F741B90089AAAF /* Foundation.framework */; };
		1F92413815F741B90089AAAF /* CoreGraphics.framework in Frameworks */ = {isa = PBXBuildFile; fileRef = 1F92413715F741B90089AAAF /* CoreGraphics.framework */; };
		1F92413E15F741B90089AAAF /* InfoPlist.strings in Resources */ = {isa = PBXBuildFile; fileRef = 1F92413C15F741B90089AAAF /* InfoPlist.strings */; };
		1F92414015F741B90089AAAF /* main.m in Sources */ = {isa = PBXBuildFile; fileRef = 1F92413F15F741B90089AAAF /* main.m */; };
		1F92414415F741B90089AAAF /* AppDelegate.m in Sources */ = {isa = PBXBuildFile; fileRef = 1F92414315F741B90089AAAF /* AppDelegate.m */; };
		1F92414715F741B90089AAAF /* MainStoryboard.storyboard in Resources */ = {isa = PBXBuildFile; fileRef = 1F92414515F741B90089AAAF /* MainStoryboard.storyboard */; };
		1F92414A15F741B90089AAAF /* ViewController.m in Sources */ = {isa = PBXBuildFile; fileRef = 1F92414915F741B90089AAAF /* ViewController.m */; };
		1F92416A15F74AFC0089AAAF /* libGPUImage.a in Frameworks */ = {isa = PBXBuildFile; fileRef = 1F92416515F74A930089AAAF /* libGPUImage.a */; };
		1F92416C15F74B1F0089AAAF /* CoreMedia.framework in Frameworks */ = {isa = PBXBuildFile; fileRef = 1F92416B15F74B1F0089AAAF /* CoreMedia.framework */; };
		1F92416E15F74B2C0089AAAF /* CoreVideo.framework in Frameworks */ = {isa = PBXBuildFile; fileRef = 1F92416D15F74B2C0089AAAF /* CoreVideo.framework */; };
		1F92417015F74B350089AAAF /* OpenGLES.framework in Frameworks */ = {isa = PBXBuildFile; fileRef = 1F92416F15F74B350089AAAF /* OpenGLES.framework */; };
		1F92417215F74B3E0089AAAF /* AVFoundation.framework in Frameworks */ = {isa = PBXBuildFile; fileRef = 1F92417115F74B3E0089AAAF /* AVFoundation.framework */; };
		1F92417415F74B450089AAAF /* QuartzCore.framework in Frameworks */ = {isa = PBXBuildFile; fileRef = 1F92417315F74B450089AAAF /* QuartzCore.framework */; };
		1FEECF7C15FF588500C4FB0A /* iCarousel.m in Sources */ = {isa = PBXBuildFile; fileRef = 1FEECF7B15FF54C500C4FB0A /* iCarousel.m */; };
		1FEECF8315FFEB5200C4FB0A /* UIImage+Resize.m in Sources */ = {isa = PBXBuildFile; fileRef = 1FEECF8215FFE8E200C4FB0A /* UIImage+Resize.m */; };
		1FEECF8815FFEBCA00C4FB0A /* UIImage+RoundedCorner.m in Sources */ = {isa = PBXBuildFile; fileRef = 1FEECF8715FFEBA900C4FB0A /* UIImage+RoundedCorner.m */; };
		1FEECF8915FFEBCF00C4FB0A /* UIImage+Alpha.m in Sources */ = {isa = PBXBuildFile; fileRef = 1FEECF8515FFEBA000C4FB0A /* UIImage+Alpha.m */; };
/* End PBXBuildFile section */

/* Begin PBXContainerItemProxy section */
		18AEE40D164E681700D1A3D3 /* PBXContainerItemProxy */ = {
			isa = PBXContainerItemProxy;
			containerPortal = 18AEE3E3164E681600D1A3D3 /* ShareKit.xcodeproj */;
			proxyType = 2;
			remoteGlobalIDString = 1D6058910D05DD3D006BFB54;
			remoteInfo = "Demo App";
		};
		18AEE40F164E681700D1A3D3 /* PBXContainerItemProxy */ = {
			isa = PBXContainerItemProxy;
			containerPortal = 18AEE3E3164E681600D1A3D3 /* ShareKit.xcodeproj */;
			proxyType = 2;
			remoteGlobalIDString = 7AB5342E1552AADD00171BCE;
			remoteInfo = "Static Library";
		};
		18AEE411164E681700D1A3D3 /* PBXContainerItemProxy */ = {
			isa = PBXContainerItemProxy;
			containerPortal = 18AEE3E3164E681600D1A3D3 /* ShareKit.xcodeproj */;
			proxyType = 2;
			remoteGlobalIDString = 7AB5360F1552E26800171BCE;
			remoteInfo = "Resource Bundle";
		};
		18AEE413164E681700D1A3D3 /* PBXContainerItemProxy */ = {
			isa = PBXContainerItemProxy;
			containerPortal = 18AEE3E3164E681600D1A3D3 /* ShareKit.xcodeproj */;
			proxyType = 2;
			remoteGlobalIDString = 7A0F9246156BA2A0009CB40A;
			remoteInfo = "Static Library Core";
		};
		18AEE415164E681700D1A3D3 /* PBXContainerItemProxy */ = {
			isa = PBXContainerItemProxy;
			containerPortal = 18AEE3E3164E681600D1A3D3 /* ShareKit.xcodeproj */;
			proxyType = 2;
			remoteGlobalIDString = 7A1AFCAE160E11810086B98A;
			remoteInfo = JSONKit;
		};
		18AEE417164E681700D1A3D3 /* PBXContainerItemProxy */ = {
			isa = PBXContainerItemProxy;
			containerPortal = 18AEE3E3164E681600D1A3D3 /* ShareKit.xcodeproj */;
			proxyType = 2;
			remoteGlobalIDString = 7A1AFCC0160E11F90086B98A;
			remoteInfo = SSKeyChain;
		};
		18AEE419164E681700D1A3D3 /* PBXContainerItemProxy */ = {
			isa = PBXContainerItemProxy;
			containerPortal = 18AEE3E3164E681600D1A3D3 /* ShareKit.xcodeproj */;
			proxyType = 2;
			remoteGlobalIDString = 7A16F37E161340DD0019645D;
			remoteInfo = OAuth;
		};
		18AEE41B164E681700D1A3D3 /* PBXContainerItemProxy */ = {
			isa = PBXContainerItemProxy;
			containerPortal = 18AEE3E3164E681600D1A3D3 /* ShareKit.xcodeproj */;
			proxyType = 2;
			remoteGlobalIDString = 7A1AFCD1160E123C0086B98A;
			remoteInfo = Reachability;
		};
		18AEE41D164E681700D1A3D3 /* PBXContainerItemProxy */ = {
			isa = PBXContainerItemProxy;
			containerPortal = 18AEE3E3164E681600D1A3D3 /* ShareKit.xcodeproj */;
			proxyType = 2;
			remoteGlobalIDString = 7AEE0307160E1A3F00FEC06E;
			remoteInfo = Print;
		};
		18AEE41F164E681700D1A3D3 /* PBXContainerItemProxy */ = {
			isa = PBXContainerItemProxy;
			containerPortal = 18AEE3E3164E681600D1A3D3 /* ShareKit.xcodeproj */;
			proxyType = 2;
			remoteGlobalIDString = 7AEE0318160E1A6300FEC06E;
			remoteInfo = Logout;
		};
		18AEE421164E681700D1A3D3 /* PBXContainerItemProxy */ = {
			isa = PBXContainerItemProxy;
			containerPortal = 18AEE3E3164E681600D1A3D3 /* ShareKit.xcodeproj */;
			proxyType = 2;
			remoteGlobalIDString = 7AEE0329160E1A8A00FEC06E;
			remoteInfo = Copy;
		};
		18AEE423164E681700D1A3D3 /* PBXContainerItemProxy */ = {
			isa = PBXContainerItemProxy;
			containerPortal = 18AEE3E3164E681600D1A3D3 /* ShareKit.xcodeproj */;
			proxyType = 2;
			remoteGlobalIDString = 7AEE02D9160E188400FEC06E;
			remoteInfo = Email;
		};
		18AEE425164E681700D1A3D3 /* PBXContainerItemProxy */ = {
			isa = PBXContainerItemProxy;
			containerPortal = 18AEE3E3164E681600D1A3D3 /* ShareKit.xcodeproj */;
			proxyType = 2;
			remoteGlobalIDString = 7AEE033A160E1ABC00FEC06E;
			remoteInfo = "Open in Safari";
		};
		18AEE427164E681700D1A3D3 /* PBXContainerItemProxy */ = {
			isa = PBXContainerItemProxy;
			containerPortal = 18AEE3E3164E681600D1A3D3 /* ShareKit.xcodeproj */;
			proxyType = 2;
			remoteGlobalIDString = 7AEE034B160E1AF400FEC06E;
			remoteInfo = "Save to Album";
		};
		18AEE429164E681700D1A3D3 /* PBXContainerItemProxy */ = {
			isa = PBXContainerItemProxy;
			containerPortal = 18AEE3E3164E681600D1A3D3 /* ShareKit.xcodeproj */;
			proxyType = 2;
			remoteGlobalIDString = 7AEE02EA160E18A700FEC06E;
			remoteInfo = "Text Message";
		};
		18AEE42B164E681700D1A3D3 /* PBXContainerItemProxy */ = {
			isa = PBXContainerItemProxy;
			containerPortal = 18AEE3E3164E681600D1A3D3 /* ShareKit.xcodeproj */;
			proxyType = 2;
			remoteGlobalIDString = 7AEE035C160E1B3A00FEC06E;
			remoteInfo = Kippt;
		};
		18AEE42D164E681700D1A3D3 /* PBXContainerItemProxy */ = {
			isa = PBXContainerItemProxy;
			containerPortal = 18AEE3E3164E681600D1A3D3 /* ShareKit.xcodeproj */;
			proxyType = 2;
			remoteGlobalIDString = 7AEE036C160E1B3D00FEC06E;
			remoteInfo = Delicious;
		};
		18AEE42F164E681700D1A3D3 /* PBXContainerItemProxy */ = {
			isa = PBXContainerItemProxy;
			containerPortal = 18AEE3E3164E681600D1A3D3 /* ShareKit.xcodeproj */;
			proxyType = 2;
			remoteGlobalIDString = 7AEE038C160E1B4000FEC06E;
			remoteInfo = Readability;
		};
		18AEE431164E681700D1A3D3 /* PBXContainerItemProxy */ = {
			isa = PBXContainerItemProxy;
			containerPortal = 18AEE3E3164E681600D1A3D3 /* ShareKit.xcodeproj */;
			proxyType = 2;
			remoteGlobalIDString = 7AEE037C160E1B3E00FEC06E;
			remoteInfo = Diigo;
		};
		18AEE433164E681700D1A3D3 /* PBXContainerItemProxy */ = {
			isa = PBXContainerItemProxy;
			containerPortal = 18AEE3E3164E681600D1A3D3 /* ShareKit.xcodeproj */;
			proxyType = 2;
			remoteGlobalIDString = 7AEE039C160E1B4200FEC06E;
			remoteInfo = VKontakte;
		};
		18AEE435164E681700D1A3D3 /* PBXContainerItemProxy */ = {
			isa = PBXContainerItemProxy;
			containerPortal = 18AEE3E3164E681600D1A3D3 /* ShareKit.xcodeproj */;
			proxyType = 2;
			remoteGlobalIDString = 7AEE03B2160E1C0600FEC06E;
			remoteInfo = Evernote;
		};
		18AEE437164E681700D1A3D3 /* PBXContainerItemProxy */ = {
			isa = PBXContainerItemProxy;
			containerPortal = 18AEE3E3164E681600D1A3D3 /* ShareKit.xcodeproj */;
			proxyType = 2;
			remoteGlobalIDString = 7A1AFCE2160E127B0086B98A;
			remoteInfo = "Evernote SDK";
		};
		18AEE439164E681700D1A3D3 /* PBXContainerItemProxy */ = {
			isa = PBXContainerItemProxy;
			containerPortal = 18AEE3E3164E681600D1A3D3 /* ShareKit.xcodeproj */;
			proxyType = 2;
			remoteGlobalIDString = 7A1AFD4D160E14590086B98A;
			remoteInfo = Facebook;
		};
		18AEE43B164E681700D1A3D3 /* PBXContainerItemProxy */ = {
			isa = PBXContainerItemProxy;
			containerPortal = 18AEE3E3164E681600D1A3D3 /* ShareKit.xcodeproj */;
			proxyType = 2;
			remoteGlobalIDString = 7A1AFD09160E131B0086B98A;
			remoteInfo = "Facebook SDK";
		};
		18AEE43D164E681700D1A3D3 /* PBXContainerItemProxy */ = {
			isa = PBXContainerItemProxy;
			containerPortal = 18AEE3E3164E681600D1A3D3 /* ShareKit.xcodeproj */;
			proxyType = 2;
			remoteGlobalIDString = 7AEE03C2160E1C0800FEC06E;
			remoteInfo = FoursquareV2;
		};
		18AEE43F164E681700D1A3D3 /* PBXContainerItemProxy */ = {
			isa = PBXContainerItemProxy;
			containerPortal = 18AEE3E3164E681600D1A3D3 /* ShareKit.xcodeproj */;
			proxyType = 2;
			remoteGlobalIDString = 7AEE03D2160E1C0C00FEC06E;
			remoteInfo = Flickr;
		};
		18AEE441164E681700D1A3D3 /* PBXContainerItemProxy */ = {
			isa = PBXContainerItemProxy;
			containerPortal = 18AEE3E3164E681600D1A3D3 /* ShareKit.xcodeproj */;
			proxyType = 2;
			remoteGlobalIDString = 7A1AFD24160E13740086B98A;
			remoteInfo = "Flickr SDK";
		};
		18AEE443164E681700D1A3D3 /* PBXContainerItemProxy */ = {
			isa = PBXContainerItemProxy;
			containerPortal = 18AEE3E3164E681600D1A3D3 /* ShareKit.xcodeproj */;
			proxyType = 2;
			remoteGlobalIDString = 7AEE03E2160E1C0D00FEC06E;
			remoteInfo = "Google Reader";
		};
		18AEE445164E681700D1A3D3 /* PBXContainerItemProxy */ = {
			isa = PBXContainerItemProxy;
			containerPortal = 18AEE3E3164E681600D1A3D3 /* ShareKit.xcodeproj */;
			proxyType = 2;
			remoteGlobalIDString = 7A16F3C216134A890019645D;
			remoteInfo = Instagram;
		};
		18AEE447164E681700D1A3D3 /* PBXContainerItemProxy */ = {
			isa = PBXContainerItemProxy;
			containerPortal = 18AEE3E3164E681600D1A3D3 /* ShareKit.xcodeproj */;
			proxyType = 2;
			remoteGlobalIDString = 7AEE03F2160E1C0E00FEC06E;
			remoteInfo = Instapaper;
		};
		18AEE449164E681700D1A3D3 /* PBXContainerItemProxy */ = {
			isa = PBXContainerItemProxy;
			containerPortal = 18AEE3E3164E681600D1A3D3 /* ShareKit.xcodeproj */;
			proxyType = 2;
			remoteGlobalIDString = 7AEE040D160E1D5400FEC06E;
			remoteInfo = LinkedIn;
		};
		18AEE44B164E681700D1A3D3 /* PBXContainerItemProxy */ = {
			isa = PBXContainerItemProxy;
			containerPortal = 18AEE3E3164E681600D1A3D3 /* ShareKit.xcodeproj */;
			proxyType = 2;
			remoteGlobalIDString = 7AEE041D160E1D5800FEC06E;
			remoteInfo = Pinboard;
		};
		18AEE44D164E681700D1A3D3 /* PBXContainerItemProxy */ = {
			isa = PBXContainerItemProxy;
			containerPortal = 18AEE3E3164E681600D1A3D3 /* ShareKit.xcodeproj */;
			proxyType = 2;
			remoteGlobalIDString = 7AEE042D160E1D5A00FEC06E;
			remoteInfo = "Read It Later";
		};
		18AEE44F164E681700D1A3D3 /* PBXContainerItemProxy */ = {
			isa = PBXContainerItemProxy;
			containerPortal = 18AEE3E3164E681600D1A3D3 /* ShareKit.xcodeproj */;
			proxyType = 2;
			remoteGlobalIDString = 7AEE043D160E1D5B00FEC06E;
			remoteInfo = Tumblr;
		};
		18AEE451164E681700D1A3D3 /* PBXContainerItemProxy */ = {
			isa = PBXContainerItemProxy;
			containerPortal = 18AEE3E3164E681600D1A3D3 /* ShareKit.xcodeproj */;
			proxyType = 2;
			remoteGlobalIDString = 7A1AFD3A160E14340086B98A;
			remoteInfo = Twitter;
		};
		18AEE453164E685500D1A3D3 /* PBXContainerItemProxy */ = {
			isa = PBXContainerItemProxy;
			containerPortal = 18AEE3E3164E681600D1A3D3 /* ShareKit.xcodeproj */;
			proxyType = 1;
			remoteGlobalIDString = 7AB5342D1552AADD00171BCE;
			remoteInfo = "Static Library";
		};
		18AEE455164E685500D1A3D3 /* PBXContainerItemProxy */ = {
			isa = PBXContainerItemProxy;
			containerPortal = 18AEE3E3164E681600D1A3D3 /* ShareKit.xcodeproj */;
			proxyType = 1;
			remoteGlobalIDString = 7AB5360E1552E26800171BCE;
			remoteInfo = "Resource Bundle";
		};
		1F92416415F74A930089AAAF /* PBXContainerItemProxy */ = {
			isa = PBXContainerItemProxy;
			containerPortal = 1F92415B15F74A930089AAAF /* GPUImage.xcodeproj */;
			proxyType = 2;
			remoteGlobalIDString = BCF1A33414DDB1EC00852800;
			remoteInfo = GPUImage;
		};
		1F92416615F74A930089AAAF /* PBXContainerItemProxy */ = {
			isa = PBXContainerItemProxy;
			containerPortal = 1F92415B15F74A930089AAAF /* GPUImage.xcodeproj */;
			proxyType = 2;
			remoteGlobalIDString = BCF1A34414DDB1EC00852800;
			remoteInfo = GPUImageTests;
		};
		1F92416815F74AD10089AAAF /* PBXContainerItemProxy */ = {
			isa = PBXContainerItemProxy;
			containerPortal = 1F92415B15F74A930089AAAF /* GPUImage.xcodeproj */;
			proxyType = 1;
			remoteGlobalIDString = BCF1A33314DDB1EC00852800;
			remoteInfo = GPUImage;
		};
/* End PBXContainerItemProxy section */

/* Begin PBXFileReference section */
		1827BB6E164F8FBD00A869B9 /* en */ = {isa = PBXFileReference; lastKnownFileType = file.storyboard; name = en; path = en.lproj/MainStoryboard_iPad.storyboard; sourceTree = "<group>"; };
		1827BB70164F929800A869B9 /* Icon48.png */ = {isa = PBXFileReference; lastKnownFileType = image.png; path = Icon48.png; sourceTree = "<group>"; };
		1827BB71164F929800A869B9 /* Icon.png */ = {isa = PBXFileReference; lastKnownFileType = image.png; path = Icon.png; sourceTree = "<group>"; };
		1827BB72164F929800A869B9 /* Icon57.png */ = {isa = PBXFileReference; lastKnownFileType = image.png; path = Icon57.png; sourceTree = "<group>"; };
		1827BB73164F929900A869B9 /* Icon72.png */ = {isa = PBXFileReference; lastKnownFileType = image.png; path = Icon72.png; sourceTree = "<group>"; };
		1827BB74164F929900A869B9 /* Icon@2x.png */ = {isa = PBXFileReference; lastKnownFileType = image.png; path = "Icon@2x.png"; sourceTree = "<group>"; };
		1827BB75164F929900A869B9 /* Icon114.png */ = {isa = PBXFileReference; lastKnownFileType = image.png; path = Icon114.png; sourceTree = "<group>"; };
		1827BB76164F929900A869B9 /* Icon512.png */ = {isa = PBXFileReference; lastKnownFileType = image.png; path = Icon512.png; sourceTree = "<group>"; };
		1827BB7E164F935500A869B9 /* Icon72@2x.png */ = {isa = PBXFileReference; lastKnownFileType = image.png; path = "Icon72@2x.png"; sourceTree = "<group>"; };
		1827BB80164F93CD00A869B9 /* Icon58.png */ = {isa = PBXFileReference; lastKnownFileType = image.png; path = Icon58.png; sourceTree = "<group>"; };
		1827BB82164F94E900A869B9 /* camera_action.png */ = {isa = PBXFileReference; lastKnownFileType = image.png; path = camera_action.png; sourceTree = "<group>"; };
		1827BB86164FA4C300A869B9 /* Default.png */ = {isa = PBXFileReference; lastKnownFileType = image.png; path = Default.png; sourceTree = "<group>"; };
		183948A61658268C00FD7A99 /* fx.png */ = {isa = PBXFileReference; lastKnownFileType = image.png; path = fx.png; sourceTree = "<group>"; };
		18938D141659ED7C007196D0 /* MBProgressHUD.h */ = {isa = PBXFileReference; fileEncoding = 4; lastKnownFileType = sourcecode.c.h; path = MBProgressHUD.h; sourceTree = "<group>"; };
		18938D151659ED7C007196D0 /* MBProgressHUD.m */ = {isa = PBXFileReference; fileEncoding = 4; lastKnownFileType = sourcecode.c.objc; path = MBProgressHUD.m; sourceTree = "<group>"; };
		18963ED0164FC9FD0087B1E6 /* FSGPUImageFilterManager.h */ = {isa = PBXFileReference; fileEncoding = 4; lastKnownFileType = sourcecode.c.h; path = FSGPUImageFilterManager.h; sourceTree = "<group>"; };
		18963ED1164FC9FD0087B1E6 /* FSGPUImageFilterManager.m */ = {isa = PBXFileReference; fileEncoding = 4; lastKnownFileType = sourcecode.c.objc; path = FSGPUImageFilterManager.m; sourceTree = "<group>"; };
		189A0C8F1658B747003ED0D5 /* PreviewFilterViewController.h */ = {isa = PBXFileReference; fileEncoding = 4; lastKnownFileType = sourcecode.c.h; path = PreviewFilterViewController.h; sourceTree = "<group>"; };
		189A0C901658B747003ED0D5 /* PreviewFilterViewController.m */ = {isa = PBXFileReference; fileEncoding = 4; lastKnownFileType = sourcecode.c.objc; path = PreviewFilterViewController.m; sourceTree = "<group>"; };
		189C5A3016593817000378DA /* s3.png */ = {isa = PBXFileReference; lastKnownFileType = image.png; path = s3.png; sourceTree = "<group>"; };
		189C5A3116593817000378DA /* s2.png */ = {isa = PBXFileReference; lastKnownFileType = image.png; path = s2.png; sourceTree = "<group>"; };
		189C5A3216593817000378DA /* s1.png */ = {isa = PBXFileReference; lastKnownFileType = image.png; path = s1.png; sourceTree = "<group>"; };
		18A28CF3165A03D700ABF876 /* switch.png */ = {isa = PBXFileReference; lastKnownFileType = image.png; path = switch.png; sourceTree = "<group>"; };
		18A28CF5165A0A8D00ABF876 /* back.png */ = {isa = PBXFileReference; lastKnownFileType = image.png; path = back.png; sourceTree = "<group>"; };
		18A28CF7165A0A8D00ABF876 /* switch2.png */ = {isa = PBXFileReference; lastKnownFileType = image.png; path = switch2.png; sourceTree = "<group>"; };
		18A28CFB165A0AA500ABF876 /* switch3.png */ = {isa = PBXFileReference; lastKnownFileType = image.png; path = switch3.png; sourceTree = "<group>"; };
		18A28CFF165A0F9900ABF876 /* switch0.png */ = {isa = PBXFileReference; lastKnownFileType = image.png; path = switch0.png; sourceTree = "<group>"; };
		18A4331A164E1D0300C58F27 /* CameraFXManager.h */ = {isa = PBXFileReference; fileEncoding = 4; lastKnownFileType = sourcecode.c.h; path = CameraFXManager.h; sourceTree = "<group>"; };
		18A4331B164E1D0300C58F27 /* CameraFXManager.m */ = {isa = PBXFileReference; fileEncoding = 4; lastKnownFileType = sourcecode.c.objc; path = CameraFXManager.m; sourceTree = "<group>"; };
		18A43321164E22EE00C58F27 /* FXImageView.h */ = {isa = PBXFileReference; fileEncoding = 4; lastKnownFileType = sourcecode.c.h; path = FXImageView.h; sourceTree = "<group>"; };
		18A43322164E22EF00C58F27 /* FXImageView.m */ = {isa = PBXFileReference; fileEncoding = 4; lastKnownFileType = sourcecode.c.objc; path = FXImageView.m; sourceTree = "<group>"; };
		18A43323164E22EF00C58F27 /* UIImage+FX.h */ = {isa = PBXFileReference; fileEncoding = 4; lastKnownFileType = sourcecode.c.h; path = "UIImage+FX.h"; sourceTree = "<group>"; };
		18A43324164E22EF00C58F27 /* UIImage+FX.m */ = {isa = PBXFileReference; fileEncoding = 4; lastKnownFileType = sourcecode.c.objc; path = "UIImage+FX.m"; sourceTree = "<group>"; };
		18A4332A164E2CAE00C58F27 /* zune.jpg */ = {isa = PBXFileReference; lastKnownFileType = image.jpeg; path = zune.jpg; sourceTree = "<group>"; };
		18A5541A164948C1007AF252 /* README.md */ = {isa = PBXFileReference; fileEncoding = 4; lastKnownFileType = text; path = README.md; sourceTree = "<group>"; };
		18AEE3E3164E681600D1A3D3 /* ShareKit.xcodeproj */ = {isa = PBXFileReference; lastKnownFileType = "wrapper.pb-project"; name = ShareKit.xcodeproj; path = submodules/sharekit/ShareKit.xcodeproj; sourceTree = "<group>"; };
		18AEE459164E694100D1A3D3 /* SystemConfiguration.framework */ = {isa = PBXFileReference; lastKnownFileType = wrapper.framework; name = SystemConfiguration.framework; path = System/Library/Frameworks/SystemConfiguration.framework; sourceTree = SDKROOT; };
		18AEE45B164E694D00D1A3D3 /* Security.framework */ = {isa = PBXFileReference; lastKnownFileType = wrapper.framework; name = Security.framework; path = System/Library/Frameworks/Security.framework; sourceTree = SDKROOT; };
		18AEE45D164E695900D1A3D3 /* MessageUI.framework */ = {isa = PBXFileReference; lastKnownFileType = wrapper.framework; name = MessageUI.framework; path = System/Library/Frameworks/MessageUI.framework; sourceTree = SDKROOT; };
		18AEE45F164E696300D1A3D3 /* CFNetwork.framework */ = {isa = PBXFileReference; lastKnownFileType = wrapper.framework; name = CFNetwork.framework; path = System/Library/Frameworks/CFNetwork.framework; sourceTree = SDKROOT; };
		18AEE461164E697400D1A3D3 /* Twitter.framework */ = {isa = PBXFileReference; lastKnownFileType = wrapper.framework; name = Twitter.framework; path = System/Library/Frameworks/Twitter.framework; sourceTree = SDKROOT; };
		18AEE494164E6E8C00D1A3D3 /* MySHKConfigurator.h */ = {isa = PBXFileReference; fileEncoding = 4; lastKnownFileType = sourcecode.c.h; path = MySHKConfigurator.h; sourceTree = "<group>"; };
		18AEE495164E6E8C00D1A3D3 /* MySHKConfigurator.m */ = {isa = PBXFileReference; fileEncoding = 4; lastKnownFileType = sourcecode.c.objc; path = MySHKConfigurator.m; sourceTree = "<group>"; };
		18AEE497164E6EE800D1A3D3 /* CoreLocation.framework */ = {isa = PBXFileReference; lastKnownFileType = wrapper.framework; name = CoreLocation.framework; path = System/Library/Frameworks/CoreLocation.framework; sourceTree = SDKROOT; };
		18AEE4CE164E9B7E00D1A3D3 /* MySHKSharers.plist */ = {isa = PBXFileReference; fileEncoding = 4; lastKnownFileType = text.plist.xml; path = MySHKSharers.plist; sourceTree = "<group>"; };
		18AEE4D0164EA96B00D1A3D3 /* Sepia Camera Pro.entitlements */ = {isa = PBXFileReference; lastKnownFileType = text.xml; path = "Sepia Camera Pro.entitlements"; sourceTree = "<group>"; };
		1F12BD2B15FEFC0200DD8284 /* MTCameraViewController.h */ = {isa = PBXFileReference; fileEncoding = 4; lastKnownFileType = sourcecode.c.h; path = MTCameraViewController.h; sourceTree = "<group>"; };
		1F12BD2C15FEFC0200DD8284 /* MTCameraViewController.m */ = {isa = PBXFileReference; fileEncoding = 4; lastKnownFileType = sourcecode.c.objc; path = MTCameraViewController.m; sourceTree = "<group>"; };
		1F8C30D21600FE0D00FEBB7B /* UIImage+ProportionalFill.h */ = {isa = PBXFileReference; lastKnownFileType = sourcecode.c.h; path = "UIImage+ProportionalFill.h"; sourceTree = "<group>"; };
		1F8C30D31600FE0D00FEBB7B /* UIImage+ProportionalFill.m */ = {isa = PBXFileReference; lastKnownFileType = sourcecode.c.objc; path = "UIImage+ProportionalFill.m"; sourceTree = "<group>"; };
		1F92412F15F741B90089AAAF /* SepiaCam Pro.app */ = {isa = PBXFileReference; explicitFileType = wrapper.application; includeInIndex = 0; path = "SepiaCam Pro.app"; sourceTree = BUILT_PRODUCTS_DIR; };
		1F92413315F741B90089AAAF /* UIKit.framework */ = {isa = PBXFileReference; lastKnownFileType = wrapper.framework; name = UIKit.framework; path = System/Library/Frameworks/UIKit.framework; sourceTree = SDKROOT; };
		1F92413515F741B90089AAAF /* Foundation.framework */ = {isa = PBXFileReference; lastKnownFileType = wrapper.framework; name = Foundation.framework; path = System/Library/Frameworks/Foundation.framework; sourceTree = SDKROOT; };
		1F92413715F741B90089AAAF /* CoreGraphics.framework */ = {isa = PBXFileReference; lastKnownFileType = wrapper.framework; name = CoreGraphics.framework; path = System/Library/Frameworks/CoreGraphics.framework; sourceTree = SDKROOT; };
		1F92413B15F741B90089AAAF /* PhotoFX-Info.plist */ = {isa = PBXFileReference; lastKnownFileType = text.plist.xml; path = "PhotoFX-Info.plist"; sourceTree = "<group>"; };
		1F92413D15F741B90089AAAF /* en */ = {isa = PBXFileReference; lastKnownFileType = text.plist.strings; name = en; path = en.lproj/InfoPlist.strings; sourceTree = "<group>"; };
		1F92413F15F741B90089AAAF /* main.m */ = {isa = PBXFileReference; lastKnownFileType = sourcecode.c.objc; path = main.m; sourceTree = "<group>"; };
		1F92414115F741B90089AAAF /* PhotoFX-Prefix.pch */ = {isa = PBXFileReference; lastKnownFileType = sourcecode.c.h; path = "PhotoFX-Prefix.pch"; sourceTree = "<group>"; };
		1F92414215F741B90089AAAF /* AppDelegate.h */ = {isa = PBXFileReference; lastKnownFileType = sourcecode.c.h; path = AppDelegate.h; sourceTree = "<group>"; };
		1F92414315F741B90089AAAF /* AppDelegate.m */ = {isa = PBXFileReference; lastKnownFileType = sourcecode.c.objc; path = AppDelegate.m; sourceTree = "<group>"; };
		1F92414615F741B90089AAAF /* en */ = {isa = PBXFileReference; lastKnownFileType = file.storyboard; name = en; path = en.lproj/MainStoryboard.storyboard; sourceTree = "<group>"; };
		1F92414815F741B90089AAAF /* ViewController.h */ = {isa = PBXFileReference; lastKnownFileType = sourcecode.c.h; path = ViewController.h; sourceTree = "<group>"; };
		1F92414915F741B90089AAAF /* ViewController.m */ = {isa = PBXFileReference; lastKnownFileType = sourcecode.c.objc; path = ViewController.m; sourceTree = "<group>"; };
		1F92415B15F74A930089AAAF /* GPUImage.xcodeproj */ = {isa = PBXFileReference; lastKnownFileType = "wrapper.pb-project"; name = GPUImage.xcodeproj; path = Submodules/GPUImage/framework/GPUImage.xcodeproj; sourceTree = "<group>"; };
		1F92416B15F74B1F0089AAAF /* CoreMedia.framework */ = {isa = PBXFileReference; lastKnownFileType = wrapper.framework; name = CoreMedia.framework; path = System/Library/Frameworks/CoreMedia.framework; sourceTree = SDKROOT; };
		1F92416D15F74B2C0089AAAF /* CoreVideo.framework */ = {isa = PBXFileReference; lastKnownFileType = wrapper.framework; name = CoreVideo.framework; path = System/Library/Frameworks/CoreVideo.framework; sourceTree = SDKROOT; };
		1F92416F15F74B350089AAAF /* OpenGLES.framework */ = {isa = PBXFileReference; lastKnownFileType = wrapper.framework; name = OpenGLES.framework; path = System/Library/Frameworks/OpenGLES.framework; sourceTree = SDKROOT; };
		1F92417115F74B3E0089AAAF /* AVFoundation.framework */ = {isa = PBXFileReference; lastKnownFileType = wrapper.framework; name = AVFoundation.framework; path = System/Library/Frameworks/AVFoundation.framework; sourceTree = SDKROOT; };
		1F92417315F74B450089AAAF /* QuartzCore.framework */ = {isa = PBXFileReference; lastKnownFileType = wrapper.framework; name = QuartzCore.framework; path = System/Library/Frameworks/QuartzCore.framework; sourceTree = SDKROOT; };
		1FEECF7A15FF54C500C4FB0A /* iCarousel.h */ = {isa = PBXFileReference; lastKnownFileType = sourcecode.c.h; path = iCarousel.h; sourceTree = "<group>"; };
		1FEECF7B15FF54C500C4FB0A /* iCarousel.m */ = {isa = PBXFileReference; lastKnownFileType = sourcecode.c.objc; path = iCarousel.m; sourceTree = "<group>"; };
		1FEECF8115FFE8E200C4FB0A /* UIImage+Resize.h */ = {isa = PBXFileReference; lastKnownFileType = sourcecode.c.h; path = "UIImage+Resize.h"; sourceTree = "<group>"; };
		1FEECF8215FFE8E200C4FB0A /* UIImage+Resize.m */ = {isa = PBXFileReference; lastKnownFileType = sourcecode.c.objc; path = "UIImage+Resize.m"; sourceTree = "<group>"; };
		1FEECF8415FFEBA000C4FB0A /* UIImage+Alpha.h */ = {isa = PBXFileReference; lastKnownFileType = sourcecode.c.h; path = "UIImage+Alpha.h"; sourceTree = "<group>"; };
		1FEECF8515FFEBA000C4FB0A /* UIImage+Alpha.m */ = {isa = PBXFileReference; lastKnownFileType = sourcecode.c.objc; path = "UIImage+Alpha.m"; sourceTree = "<group>"; };
		1FEECF8615FFEBA900C4FB0A /* UIImage+RoundedCorner.h */ = {isa = PBXFileReference; lastKnownFileType = sourcecode.c.h; path = "UIImage+RoundedCorner.h"; sourceTree = "<group>"; };
		1FEECF8715FFEBA900C4FB0A /* UIImage+RoundedCorner.m */ = {isa = PBXFileReference; lastKnownFileType = sourcecode.c.objc; path = "UIImage+RoundedCorner.m"; sourceTree = "<group>"; };
/* End PBXFileReference section */

/* Begin PBXFrameworksBuildPhase section */
		1F92412C15F741B90089AAAF /* Frameworks */ = {
			isa = PBXFrameworksBuildPhase;
			buildActionMask = 2147483647;
			files = (
				18AEE498164E6EE800D1A3D3 /* CoreLocation.framework in Frameworks */,
				18AEE462164E697400D1A3D3 /* Twitter.framework in Frameworks */,
				18AEE460164E696300D1A3D3 /* CFNetwork.framework in Frameworks */,
				18AEE45E164E695900D1A3D3 /* MessageUI.framework in Frameworks */,
				18AEE45C164E694D00D1A3D3 /* Security.framework in Frameworks */,
				18AEE45A164E694100D1A3D3 /* SystemConfiguration.framework in Frameworks */,
				18AEE457164E687700D1A3D3 /* libShareKit.a in Frameworks */,
				1F92417415F74B450089AAAF /* QuartzCore.framework in Frameworks */,
				1F92417215F74B3E0089AAAF /* AVFoundation.framework in Frameworks */,
				1F92417015F74B350089AAAF /* OpenGLES.framework in Frameworks */,
				1F92416E15F74B2C0089AAAF /* CoreVideo.framework in Frameworks */,
				1F92416C15F74B1F0089AAAF /* CoreMedia.framework in Frameworks */,
				1F92416A15F74AFC0089AAAF /* libGPUImage.a in Frameworks */,
				1F92413415F741B90089AAAF /* UIKit.framework in Frameworks */,
				1F92413615F741B90089AAAF /* Foundation.framework in Frameworks */,
				1F92413815F741B90089AAAF /* CoreGraphics.framework in Frameworks */,
			);
			runOnlyForDeploymentPostprocessing = 0;
		};
/* End PBXFrameworksBuildPhase section */

/* Begin PBXGroup section */
		1827BB5E164F688800A869B9 /* 3rdParty */ = {
			isa = PBXGroup;
			children = (
				18938D141659ED7C007196D0 /* MBProgressHUD.h */,
				18938D151659ED7C007196D0 /* MBProgressHUD.m */,
				18A43327164E22F900C58F27 /* FXImageView */,
				1F8C30D11600FE0100FEBB7B /* MGImageUtiltiies */,
				1FFFD6181600359B006FD8FB /* UIImage+Categories */,
				1FEECF7915FF54B500C4FB0A /* iCarousel */,
			);
			name = 3rdParty;
			sourceTree = "<group>";
		};
		18A43327164E22F900C58F27 /* FXImageView */ = {
			isa = PBXGroup;
			children = (
				18A43321164E22EE00C58F27 /* FXImageView.h */,
				18A43322164E22EF00C58F27 /* FXImageView.m */,
				18A43323164E22EF00C58F27 /* UIImage+FX.h */,
				18A43324164E22EF00C58F27 /* UIImage+FX.m */,
			);
			name = FXImageView;
			sourceTree = "<group>";
		};
		18AEE3E4164E681600D1A3D3 /* Products */ = {
			isa = PBXGroup;
			children = (
				18AEE40E164E681700D1A3D3 /* ShareKitDemo.app */,
				18AEE410164E681700D1A3D3 /* libShareKit.a */,
				18AEE412164E681700D1A3D3 /* ShareKit.bundle */,
				18AEE414164E681700D1A3D3 /* libShareKitCore.a */,
				18AEE416164E681700D1A3D3 /* libJSONKit.a */,
				18AEE418164E681700D1A3D3 /* libSSKeyChain.a */,
				18AEE41A164E681700D1A3D3 /* libOAuth.a */,
				18AEE41C164E681700D1A3D3 /* libReachability.a */,
				18AEE41E164E681700D1A3D3 /* libPrint.a */,
				18AEE420164E681700D1A3D3 /* libLogout.a */,
				18AEE422164E681700D1A3D3 /* libCopy.a */,
				18AEE424164E681700D1A3D3 /* libEmail.a */,
				18AEE426164E681700D1A3D3 /* libOpen in Safari.a */,
				18AEE428164E681700D1A3D3 /* libSave to Album.a */,
				18AEE42A164E681700D1A3D3 /* libText Message.a */,
				18AEE42C164E681700D1A3D3 /* libKippt.a */,
				18AEE42E164E681700D1A3D3 /* libDelicious.a */,
				18AEE430164E681700D1A3D3 /* libReadability.a */,
				18AEE432164E681700D1A3D3 /* libDiigo.a */,
				18AEE434164E681700D1A3D3 /* libVKontakte.a */,
				18AEE436164E681700D1A3D3 /* libEvernote.a */,
				18AEE438164E681700D1A3D3 /* libEvernote SDK.a */,
				18AEE43A164E681700D1A3D3 /* libFacebook.a */,
				18AEE43C164E681700D1A3D3 /* libFacebook SDK.a */,
				18AEE43E164E681700D1A3D3 /* libFoursquareV2.a */,
				18AEE440164E681700D1A3D3 /* libFlickr.a */,
				18AEE442164E681700D1A3D3 /* libFlickr SDK.a */,
				18AEE444164E681700D1A3D3 /* libGoogle Reader.a */,
				18AEE446164E681700D1A3D3 /* libInstagram.a */,
				18AEE448164E681700D1A3D3 /* libInstapaper.a */,
				18AEE44A164E681700D1A3D3 /* libLinked In.a */,
				18AEE44C164E681700D1A3D3 /* libPinboard.a */,
				18AEE44E164E681700D1A3D3 /* libRead It Later.a */,
				18AEE450164E681700D1A3D3 /* libTumblr.a */,
				18AEE452164E681700D1A3D3 /* libTwitter.a */,
			);
			name = Products;
			sourceTree = "<group>";
		};
		1F8C30D11600FE0100FEBB7B /* MGImageUtiltiies */ = {
			isa = PBXGroup;
			children = (
				1F8C30D21600FE0D00FEBB7B /* UIImage+ProportionalFill.h */,
				1F8C30D31600FE0D00FEBB7B /* UIImage+ProportionalFill.m */,
			);
			name = MGImageUtiltiies;
			sourceTree = "<group>";
		};
		1F92412415F741B90089AAAF = {
			isa = PBXGroup;
			children = (
				18AEE4D0164EA96B00D1A3D3 /* Sepia Camera Pro.entitlements */,
				18A5541A164948C1007AF252 /* README.md */,
				18AEE3E3164E681600D1A3D3 /* ShareKit.xcodeproj */,
				1F92415B15F74A930089AAAF /* GPUImage.xcodeproj */,
				1F92413915F741B90089AAAF /* PhotoFX */,
				1F92413215F741B90089AAAF /* Frameworks */,
				1F92413015F741B90089AAAF /* Products */,
			);
			sourceTree = "<group>";
		};
		1F92413015F741B90089AAAF /* Products */ = {
			isa = PBXGroup;
			children = (
				1F92412F15F741B90089AAAF /* SepiaCam Pro.app */,
			);
			name = Products;
			sourceTree = "<group>";
		};
		1F92413215F741B90089AAAF /* Frameworks */ = {
			isa = PBXGroup;
			children = (
				18AEE497164E6EE800D1A3D3 /* CoreLocation.framework */,
				18AEE461164E697400D1A3D3 /* Twitter.framework */,
				18AEE45F164E696300D1A3D3 /* CFNetwork.framework */,
				18AEE45D164E695900D1A3D3 /* MessageUI.framework */,
				18AEE45B164E694D00D1A3D3 /* Security.framework */,
				18AEE459164E694100D1A3D3 /* SystemConfiguration.framework */,
				1F92417315F74B450089AAAF /* QuartzCore.framework */,
				1F92417115F74B3E0089AAAF /* AVFoundation.framework */,
				1F92416F15F74B350089AAAF /* OpenGLES.framework */,
				1F92416D15F74B2C0089AAAF /* CoreVideo.framework */,
				1F92416B15F74B1F0089AAAF /* CoreMedia.framework */,
				1F92413315F741B90089AAAF /* UIKit.framework */,
				1F92413515F741B90089AAAF /* Foundation.framework */,
				1F92413715F741B90089AAAF /* CoreGraphics.framework */,
			);
			name = Frameworks;
			sourceTree = "<group>";
		};
		1F92413915F741B90089AAAF /* PhotoFX */ = {
			isa = PBXGroup;
			children = (
				1827BB5E164F688800A869B9 /* 3rdParty */,
				1F92414215F741B90089AAAF /* AppDelegate.h */,
				1F92414315F741B90089AAAF /* AppDelegate.m */,
				18963ED0164FC9FD0087B1E6 /* FSGPUImageFilterManager.h */,
				18963ED1164FC9FD0087B1E6 /* FSGPUImageFilterManager.m */,
				18A4331A164E1D0300C58F27 /* CameraFXManager.h */,
				18A4331B164E1D0300C58F27 /* CameraFXManager.m */,
				1F92414515F741B90089AAAF /* MainStoryboard.storyboard */,
				1827BB6D164F8FBD00A869B9 /* MainStoryboard_iPad.storyboard */,
				1F92414815F741B90089AAAF /* ViewController.h */,
				1F92414915F741B90089AAAF /* ViewController.m */,
				1F12BD2B15FEFC0200DD8284 /* MTCameraViewController.h */,
				1F12BD2C15FEFC0200DD8284 /* MTCameraViewController.m */,
				18AEE494164E6E8C00D1A3D3 /* MySHKConfigurator.h */,
				18AEE495164E6E8C00D1A3D3 /* MySHKConfigurator.m */,
				189A0C8F1658B747003ED0D5 /* PreviewFilterViewController.h */,
				189A0C901658B747003ED0D5 /* PreviewFilterViewController.m */,
				1F92413A15F741B90089AAAF /* Supporting Files */,
			);
			path = PhotoFX;
			sourceTree = "<group>";
		};
		1F92413A15F741B90089AAAF /* Supporting Files */ = {
			isa = PBXGroup;
			children = (
				18A28CFF165A0F9900ABF876 /* switch0.png */,
				18A28CF5165A0A8D00ABF876 /* back.png */,
				18A28CFB165A0AA500ABF876 /* switch3.png */,
				18A28CF7165A0A8D00ABF876 /* switch2.png */,
				18A28CF3165A03D700ABF876 /* switch.png */,
				189C5A3016593817000378DA /* s3.png */,
				189C5A3116593817000378DA /* s2.png */,
				189C5A3216593817000378DA /* s1.png */,
				183948A61658268C00FD7A99 /* fx.png */,
				1827BB86164FA4C300A869B9 /* Default.png */,
				1827BB82164F94E900A869B9 /* camera_action.png */,
				1827BB80164F93CD00A869B9 /* Icon58.png */,
				1827BB7E164F935500A869B9 /* Icon72@2x.png */,
				1827BB70164F929800A869B9 /* Icon48.png */,
				1827BB71164F929800A869B9 /* Icon.png */,
				1827BB72164F929800A869B9 /* Icon57.png */,
				1827BB73164F929900A869B9 /* Icon72.png */,
				1827BB74164F929900A869B9 /* Icon@2x.png */,
				1827BB75164F929900A869B9 /* Icon114.png */,
				1827BB76164F929900A869B9 /* Icon512.png */,
				18AEE4CE164E9B7E00D1A3D3 /* MySHKSharers.plist */,
				18A4332A164E2CAE00C58F27 /* zune.jpg */,
				1F92413B15F741B90089AAAF /* PhotoFX-Info.plist */,
				1F92413C15F741B90089AAAF /* InfoPlist.strings */,
				1F92413F15F741B90089AAAF /* main.m */,
				1F92414115F741B90089AAAF /* PhotoFX-Prefix.pch */,
			);
			name = "Supporting Files";
			sourceTree = "<group>";
		};
		1F92415C15F74A930089AAAF /* Products */ = {
			isa = PBXGroup;
			children = (
				1F92416515F74A930089AAAF /* libGPUImage.a */,
				1F92416715F74A930089AAAF /* GPUImageTests.octest */,
			);
			name = Products;
			sourceTree = "<group>";
		};
		1FEECF7915FF54B500C4FB0A /* iCarousel */ = {
			isa = PBXGroup;
			children = (
				1FEECF7A15FF54C500C4FB0A /* iCarousel.h */,
				1FEECF7B15FF54C500C4FB0A /* iCarousel.m */,
			);
			name = iCarousel;
			sourceTree = "<group>";
		};
		1FFFD6181600359B006FD8FB /* UIImage+Categories */ = {
			isa = PBXGroup;
			children = (
				1FEECF8415FFEBA000C4FB0A /* UIImage+Alpha.h */,
				1FEECF8515FFEBA000C4FB0A /* UIImage+Alpha.m */,
				1FEECF8115FFE8E200C4FB0A /* UIImage+Resize.h */,
				1FEECF8215FFE8E200C4FB0A /* UIImage+Resize.m */,
				1FEECF8615FFEBA900C4FB0A /* UIImage+RoundedCorner.h */,
				1FEECF8715FFEBA900C4FB0A /* UIImage+RoundedCorner.m */,
			);
			name = "UIImage+Categories";
			sourceTree = "<group>";
		};
/* End PBXGroup section */

/* Begin PBXNativeTarget section */
		1F92412E15F741B90089AAAF /* SepiaCam Pro */ = {
			isa = PBXNativeTarget;
			buildConfigurationList = 1F92414D15F741B90089AAAF /* Build configuration list for PBXNativeTarget "SepiaCam Pro" */;
			buildPhases = (
				1F92412B15F741B90089AAAF /* Sources */,
				1F92412C15F741B90089AAAF /* Frameworks */,
				1F92412D15F741B90089AAAF /* Resources */,
			);
			buildRules = (
			);
			dependencies = (
				18AEE454164E685500D1A3D3 /* PBXTargetDependency */,
				18AEE456164E685500D1A3D3 /* PBXTargetDependency */,
				1F92416915F74AD10089AAAF /* PBXTargetDependency */,
			);
			name = "SepiaCam Pro";
			productName = PhotoFX;
			productReference = 1F92412F15F741B90089AAAF /* SepiaCam Pro.app */;
			productType = "com.apple.product-type.application";
		};
/* End PBXNativeTarget section */

/* Begin PBXProject section */
		1F92412615F741B90089AAAF /* Project object */ = {
			isa = PBXProject;
			attributes = {
				LastUpgradeCheck = 0440;
				ORGANIZATIONNAME = Mobiletuts;
			};
			buildConfigurationList = 1F92412915F741B90089AAAF /* Build configuration list for PBXProject "PhotoFX" */;
			compatibilityVersion = "Xcode 3.2";
			developmentRegion = English;
			hasScannedForEncodings = 0;
			knownRegions = (
				en,
			);
			mainGroup = 1F92412415F741B90089AAAF;
			productRefGroup = 1F92413015F741B90089AAAF /* Products */;
			projectDirPath = "";
			projectReferences = (
				{
					ProductGroup = 1F92415C15F74A930089AAAF /* Products */;
					ProjectRef = 1F92415B15F74A930089AAAF /* GPUImage.xcodeproj */;
				},
				{
					ProductGroup = 18AEE3E4164E681600D1A3D3 /* Products */;
					ProjectRef = 18AEE3E3164E681600D1A3D3 /* ShareKit.xcodeproj */;
				},
			);
			projectRoot = "";
			targets = (
				1F92412E15F741B90089AAAF /* SepiaCam Pro */,
			);
		};
/* End PBXProject section */

/* Begin PBXReferenceProxy section */
		18AEE40E164E681700D1A3D3 /* ShareKitDemo.app */ = {
			isa = PBXReferenceProxy;
			fileType = wrapper.application;
			path = ShareKitDemo.app;
			remoteRef = 18AEE40D164E681700D1A3D3 /* PBXContainerItemProxy */;
			sourceTree = BUILT_PRODUCTS_DIR;
		};
		18AEE410164E681700D1A3D3 /* libShareKit.a */ = {
			isa = PBXReferenceProxy;
			fileType = archive.ar;
			path = libShareKit.a;
			remoteRef = 18AEE40F164E681700D1A3D3 /* PBXContainerItemProxy */;
			sourceTree = BUILT_PRODUCTS_DIR;
		};
		18AEE412164E681700D1A3D3 /* ShareKit.bundle */ = {
			isa = PBXReferenceProxy;
			fileType = wrapper.cfbundle;
			path = ShareKit.bundle;
			remoteRef = 18AEE411164E681700D1A3D3 /* PBXContainerItemProxy */;
			sourceTree = BUILT_PRODUCTS_DIR;
		};
		18AEE414164E681700D1A3D3 /* libShareKitCore.a */ = {
			isa = PBXReferenceProxy;
			fileType = archive.ar;
			path = libShareKitCore.a;
			remoteRef = 18AEE413164E681700D1A3D3 /* PBXContainerItemProxy */;
			sourceTree = BUILT_PRODUCTS_DIR;
		};
		18AEE416164E681700D1A3D3 /* libJSONKit.a */ = {
			isa = PBXReferenceProxy;
			fileType = archive.ar;
			path = libJSONKit.a;
			remoteRef = 18AEE415164E681700D1A3D3 /* PBXContainerItemProxy */;
			sourceTree = BUILT_PRODUCTS_DIR;
		};
		18AEE418164E681700D1A3D3 /* libSSKeyChain.a */ = {
			isa = PBXReferenceProxy;
			fileType = archive.ar;
			path = libSSKeyChain.a;
			remoteRef = 18AEE417164E681700D1A3D3 /* PBXContainerItemProxy */;
			sourceTree = BUILT_PRODUCTS_DIR;
		};
		18AEE41A164E681700D1A3D3 /* libOAuth.a */ = {
			isa = PBXReferenceProxy;
			fileType = archive.ar;
			path = libOAuth.a;
			remoteRef = 18AEE419164E681700D1A3D3 /* PBXContainerItemProxy */;
			sourceTree = BUILT_PRODUCTS_DIR;
		};
		18AEE41C164E681700D1A3D3 /* libReachability.a */ = {
			isa = PBXReferenceProxy;
			fileType = archive.ar;
			path = libReachability.a;
			remoteRef = 18AEE41B164E681700D1A3D3 /* PBXContainerItemProxy */;
			sourceTree = BUILT_PRODUCTS_DIR;
		};
		18AEE41E164E681700D1A3D3 /* libPrint.a */ = {
			isa = PBXReferenceProxy;
			fileType = archive.ar;
			path = libPrint.a;
			remoteRef = 18AEE41D164E681700D1A3D3 /* PBXContainerItemProxy */;
			sourceTree = BUILT_PRODUCTS_DIR;
		};
		18AEE420164E681700D1A3D3 /* libLogout.a */ = {
			isa = PBXReferenceProxy;
			fileType = archive.ar;
			path = libLogout.a;
			remoteRef = 18AEE41F164E681700D1A3D3 /* PBXContainerItemProxy */;
			sourceTree = BUILT_PRODUCTS_DIR;
		};
		18AEE422164E681700D1A3D3 /* libCopy.a */ = {
			isa = PBXReferenceProxy;
			fileType = archive.ar;
			path = libCopy.a;
			remoteRef = 18AEE421164E681700D1A3D3 /* PBXContainerItemProxy */;
			sourceTree = BUILT_PRODUCTS_DIR;
		};
		18AEE424164E681700D1A3D3 /* libEmail.a */ = {
			isa = PBXReferenceProxy;
			fileType = archive.ar;
			path = libEmail.a;
			remoteRef = 18AEE423164E681700D1A3D3 /* PBXContainerItemProxy */;
			sourceTree = BUILT_PRODUCTS_DIR;
		};
		18AEE426164E681700D1A3D3 /* libOpen in Safari.a */ = {
			isa = PBXReferenceProxy;
			fileType = archive.ar;
			path = "libOpen in Safari.a";
			remoteRef = 18AEE425164E681700D1A3D3 /* PBXContainerItemProxy */;
			sourceTree = BUILT_PRODUCTS_DIR;
		};
		18AEE428164E681700D1A3D3 /* libSave to Album.a */ = {
			isa = PBXReferenceProxy;
			fileType = archive.ar;
			path = "libSave to Album.a";
			remoteRef = 18AEE427164E681700D1A3D3 /* PBXContainerItemProxy */;
			sourceTree = BUILT_PRODUCTS_DIR;
		};
		18AEE42A164E681700D1A3D3 /* libText Message.a */ = {
			isa = PBXReferenceProxy;
			fileType = archive.ar;
			path = "libText Message.a";
			remoteRef = 18AEE429164E681700D1A3D3 /* PBXContainerItemProxy */;
			sourceTree = BUILT_PRODUCTS_DIR;
		};
		18AEE42C164E681700D1A3D3 /* libKippt.a */ = {
			isa = PBXReferenceProxy;
			fileType = archive.ar;
			path = libKippt.a;
			remoteRef = 18AEE42B164E681700D1A3D3 /* PBXContainerItemProxy */;
			sourceTree = BUILT_PRODUCTS_DIR;
		};
		18AEE42E164E681700D1A3D3 /* libDelicious.a */ = {
			isa = PBXReferenceProxy;
			fileType = archive.ar;
			path = libDelicious.a;
			remoteRef = 18AEE42D164E681700D1A3D3 /* PBXContainerItemProxy */;
			sourceTree = BUILT_PRODUCTS_DIR;
		};
		18AEE430164E681700D1A3D3 /* libReadability.a */ = {
			isa = PBXReferenceProxy;
			fileType = archive.ar;
			path = libReadability.a;
			remoteRef = 18AEE42F164E681700D1A3D3 /* PBXContainerItemProxy */;
			sourceTree = BUILT_PRODUCTS_DIR;
		};
		18AEE432164E681700D1A3D3 /* libDiigo.a */ = {
			isa = PBXReferenceProxy;
			fileType = archive.ar;
			path = libDiigo.a;
			remoteRef = 18AEE431164E681700D1A3D3 /* PBXContainerItemProxy */;
			sourceTree = BUILT_PRODUCTS_DIR;
		};
		18AEE434164E681700D1A3D3 /* libVKontakte.a */ = {
			isa = PBXReferenceProxy;
			fileType = archive.ar;
			path = libVKontakte.a;
			remoteRef = 18AEE433164E681700D1A3D3 /* PBXContainerItemProxy */;
			sourceTree = BUILT_PRODUCTS_DIR;
		};
		18AEE436164E681700D1A3D3 /* libEvernote.a */ = {
			isa = PBXReferenceProxy;
			fileType = archive.ar;
			path = libEvernote.a;
			remoteRef = 18AEE435164E681700D1A3D3 /* PBXContainerItemProxy */;
			sourceTree = BUILT_PRODUCTS_DIR;
		};
		18AEE438164E681700D1A3D3 /* libEvernote SDK.a */ = {
			isa = PBXReferenceProxy;
			fileType = archive.ar;
			path = "libEvernote SDK.a";
			remoteRef = 18AEE437164E681700D1A3D3 /* PBXContainerItemProxy */;
			sourceTree = BUILT_PRODUCTS_DIR;
		};
		18AEE43A164E681700D1A3D3 /* libFacebook.a */ = {
			isa = PBXReferenceProxy;
			fileType = archive.ar;
			path = libFacebook.a;
			remoteRef = 18AEE439164E681700D1A3D3 /* PBXContainerItemProxy */;
			sourceTree = BUILT_PRODUCTS_DIR;
		};
		18AEE43C164E681700D1A3D3 /* libFacebook SDK.a */ = {
			isa = PBXReferenceProxy;
			fileType = archive.ar;
			path = "libFacebook SDK.a";
			remoteRef = 18AEE43B164E681700D1A3D3 /* PBXContainerItemProxy */;
			sourceTree = BUILT_PRODUCTS_DIR;
		};
		18AEE43E164E681700D1A3D3 /* libFoursquareV2.a */ = {
			isa = PBXReferenceProxy;
			fileType = archive.ar;
			path = libFoursquareV2.a;
			remoteRef = 18AEE43D164E681700D1A3D3 /* PBXContainerItemProxy */;
			sourceTree = BUILT_PRODUCTS_DIR;
		};
		18AEE440164E681700D1A3D3 /* libFlickr.a */ = {
			isa = PBXReferenceProxy;
			fileType = archive.ar;
			path = libFlickr.a;
			remoteRef = 18AEE43F164E681700D1A3D3 /* PBXContainerItemProxy */;
			sourceTree = BUILT_PRODUCTS_DIR;
		};
		18AEE442164E681700D1A3D3 /* libFlickr SDK.a */ = {
			isa = PBXReferenceProxy;
			fileType = archive.ar;
			path = "libFlickr SDK.a";
			remoteRef = 18AEE441164E681700D1A3D3 /* PBXContainerItemProxy */;
			sourceTree = BUILT_PRODUCTS_DIR;
		};
		18AEE444164E681700D1A3D3 /* libGoogle Reader.a */ = {
			isa = PBXReferenceProxy;
			fileType = archive.ar;
			path = "libGoogle Reader.a";
			remoteRef = 18AEE443164E681700D1A3D3 /* PBXContainerItemProxy */;
			sourceTree = BUILT_PRODUCTS_DIR;
		};
		18AEE446164E681700D1A3D3 /* libInstagram.a */ = {
			isa = PBXReferenceProxy;
			fileType = archive.ar;
			path = libInstagram.a;
			remoteRef = 18AEE445164E681700D1A3D3 /* PBXContainerItemProxy */;
			sourceTree = BUILT_PRODUCTS_DIR;
		};
		18AEE448164E681700D1A3D3 /* libInstapaper.a */ = {
			isa = PBXReferenceProxy;
			fileType = archive.ar;
			path = libInstapaper.a;
			remoteRef = 18AEE447164E681700D1A3D3 /* PBXContainerItemProxy */;
			sourceTree = BUILT_PRODUCTS_DIR;
		};
		18AEE44A164E681700D1A3D3 /* libLinked In.a */ = {
			isa = PBXReferenceProxy;
			fileType = archive.ar;
			path = "libLinked In.a";
			remoteRef = 18AEE449164E681700D1A3D3 /* PBXContainerItemProxy */;
			sourceTree = BUILT_PRODUCTS_DIR;
		};
		18AEE44C164E681700D1A3D3 /* libPinboard.a */ = {
			isa = PBXReferenceProxy;
			fileType = archive.ar;
			path = libPinboard.a;
			remoteRef = 18AEE44B164E681700D1A3D3 /* PBXContainerItemProxy */;
			sourceTree = BUILT_PRODUCTS_DIR;
		};
		18AEE44E164E681700D1A3D3 /* libRead It Later.a */ = {
			isa = PBXReferenceProxy;
			fileType = archive.ar;
			path = "libRead It Later.a";
			remoteRef = 18AEE44D164E681700D1A3D3 /* PBXContainerItemProxy */;
			sourceTree = BUILT_PRODUCTS_DIR;
		};
		18AEE450164E681700D1A3D3 /* libTumblr.a */ = {
			isa = PBXReferenceProxy;
			fileType = archive.ar;
			path = libTumblr.a;
			remoteRef = 18AEE44F164E681700D1A3D3 /* PBXContainerItemProxy */;
			sourceTree = BUILT_PRODUCTS_DIR;
		};
		18AEE452164E681700D1A3D3 /* libTwitter.a */ = {
			isa = PBXReferenceProxy;
			fileType = archive.ar;
			path = libTwitter.a;
			remoteRef = 18AEE451164E681700D1A3D3 /* PBXContainerItemProxy */;
			sourceTree = BUILT_PRODUCTS_DIR;
		};
		1F92416515F74A930089AAAF /* libGPUImage.a */ = {
			isa = PBXReferenceProxy;
			fileType = archive.ar;
			path = libGPUImage.a;
			remoteRef = 1F92416415F74A930089AAAF /* PBXContainerItemProxy */;
			sourceTree = BUILT_PRODUCTS_DIR;
		};
		1F92416715F74A930089AAAF /* GPUImageTests.octest */ = {
			isa = PBXReferenceProxy;
			fileType = wrapper.cfbundle;
			path = GPUImageTests.octest;
			remoteRef = 1F92416615F74A930089AAAF /* PBXContainerItemProxy */;
			sourceTree = BUILT_PRODUCTS_DIR;
		};
/* End PBXReferenceProxy section */

/* Begin PBXResourcesBuildPhase section */
		1F92412D15F741B90089AAAF /* Resources */ = {
			isa = PBXResourcesBuildPhase;
			buildActionMask = 2147483647;
			files = (
				18AEE458164E68DD00D1A3D3 /* ShareKit.bundle in Resources */,
				1F92413E15F741B90089AAAF /* InfoPlist.strings in Resources */,
				1F92414715F741B90089AAAF /* MainStoryboard.storyboard in Resources */,
				18A5541B164948C1007AF252 /* README.md in Resources */,
				18A4332B164E2CAE00C58F27 /* zune.jpg in Resources */,
				18AEE4CF164E9B7E00D1A3D3 /* MySHKSharers.plist in Resources */,
				1827BB6F164F8FBD00A869B9 /* MainStoryboard_iPad.storyboard in Resources */,
				1827BB77164F929900A869B9 /* Icon48.png in Resources */,
				1827BB78164F929900A869B9 /* Icon.png in Resources */,
				1827BB79164F929900A869B9 /* Icon57.png in Resources */,
				1827BB7A164F929900A869B9 /* Icon72.png in Resources */,
				1827BB7B164F929900A869B9 /* Icon@2x.png in Resources */,
				1827BB7C164F929900A869B9 /* Icon114.png in Resources */,
				1827BB7D164F929900A869B9 /* Icon512.png in Resources */,
				1827BB7F164F935500A869B9 /* Icon72@2x.png in Resources */,
				1827BB81164F93CD00A869B9 /* Icon58.png in Resources */,
				1827BB83164F94E900A869B9 /* camera_action.png in Resources */,
				1827BB87164FA4C300A869B9 /* Default.png in Resources */,
				183948A71658268C00FD7A99 /* fx.png in Resources */,
				189C5A3316593817000378DA /* s3.png in Resources */,
				189C5A3416593817000378DA /* s2.png in Resources */,
				189C5A3516593817000378DA /* s1.png in Resources */,
				18A28CF4165A03D700ABF876 /* switch.png in Resources */,
				18A28CF8165A0A8D00ABF876 /* back.png in Resources */,
				18A28CFA165A0A8D00ABF876 /* switch2.png in Resources */,
				18A28CFC165A0AA600ABF876 /* switch3.png in Resources */,
				18A28D00165A0F9900ABF876 /* switch0.png in Resources */,
			);
			runOnlyForDeploymentPostprocessing = 0;
		};
/* End PBXResourcesBuildPhase section */

/* Begin PBXSourcesBuildPhase section */
		1F92412B15F741B90089AAAF /* Sources */ = {
			isa = PBXSourcesBuildPhase;
			buildActionMask = 2147483647;
			files = (
				1F8C30D41600FEAF00FEBB7B /* UIImage+ProportionalFill.m in Sources */,
				1FEECF8915FFEBCF00C4FB0A /* UIImage+Alpha.m in Sources */,
				1FEECF8815FFEBCA00C4FB0A /* UIImage+RoundedCorner.m in Sources */,
				1FEECF8315FFEB5200C4FB0A /* UIImage+Resize.m in Sources */,
				1FEECF7C15FF588500C4FB0A /* iCarousel.m in Sources */,
				1F92414015F741B90089AAAF /* main.m in Sources */,
				1F92414415F741B90089AAAF /* AppDelegate.m in Sources */,
				1F92414A15F741B90089AAAF /* ViewController.m in Sources */,
				1F12BD2D15FEFC0200DD8284 /* MTCameraViewController.m in Sources */,
				18A4331C164E1D0300C58F27 /* CameraFXManager.m in Sources */,
				18A43325164E22EF00C58F27 /* FXImageView.m in Sources */,
				18A43326164E22EF00C58F27 /* UIImage+FX.m in Sources */,
				18AEE496164E6E8C00D1A3D3 /* MySHKConfigurator.m in Sources */,
				18963ED2164FC9FD0087B1E6 /* FSGPUImageFilterManager.m in Sources */,
				189A0C911658B747003ED0D5 /* PreviewFilterViewController.m in Sources */,
				18938D161659ED7C007196D0 /* MBProgressHUD.m in Sources */,
			);
			runOnlyForDeploymentPostprocessing = 0;
		};
/* End PBXSourcesBuildPhase section */

/* Begin PBXTargetDependency section */
		18AEE454164E685500D1A3D3 /* PBXTargetDependency */ = {
			isa = PBXTargetDependency;
			name = "Static Library";
			targetProxy = 18AEE453164E685500D1A3D3 /* PBXContainerItemProxy */;
		};
		18AEE456164E685500D1A3D3 /* PBXTargetDependency */ = {
			isa = PBXTargetDependency;
			name = "Resource Bundle";
			targetProxy = 18AEE455164E685500D1A3D3 /* PBXContainerItemProxy */;
		};
		1F92416915F74AD10089AAAF /* PBXTargetDependency */ = {
			isa = PBXTargetDependency;
			name = GPUImage;
			targetProxy = 1F92416815F74AD10089AAAF /* PBXContainerItemProxy */;
		};
/* End PBXTargetDependency section */

/* Begin PBXVariantGroup section */
		1827BB6D164F8FBD00A869B9 /* MainStoryboard_iPad.storyboard */ = {
			isa = PBXVariantGroup;
			children = (
				1827BB6E164F8FBD00A869B9 /* en */,
			);
			name = MainStoryboard_iPad.storyboard;
			sourceTree = "<group>";
		};
		1F92413C15F741B90089AAAF /* InfoPlist.strings */ = {
			isa = PBXVariantGroup;
			children = (
				1F92413D15F741B90089AAAF /* en */,
			);
			name = InfoPlist.strings;
			sourceTree = "<group>";
		};
		1F92414515F741B90089AAAF /* MainStoryboard.storyboard */ = {
			isa = PBXVariantGroup;
			children = (
				1F92414615F741B90089AAAF /* en */,
			);
			name = MainStoryboard.storyboard;
			sourceTree = "<group>";
		};
/* End PBXVariantGroup section */

/* Begin XCBuildConfiguration section */
		1827BB6B164F8D6200A869B9 /* AppStore */ = {
			isa = XCBuildConfiguration;
			buildSettings = {
				ALWAYS_SEARCH_USER_PATHS = NO;
				ARCHS = "$(ARCHS_STANDARD_32_BIT)";
				CLANG_CXX_LANGUAGE_STANDARD = "gnu++0x";
				CLANG_ENABLE_OBJC_ARC = YES;
				CLANG_WARN__DUPLICATE_METHOD_MATCH = YES;
				CODE_SIGN_IDENTITY = "iPhone Distribution";
				COPY_PHASE_STRIP = YES;
				GCC_C_LANGUAGE_STANDARD = gnu99;
				GCC_VERSION = com.apple.compilers.llvm.clang.1_0;
				GCC_WARN_ABOUT_RETURN_TYPE = YES;
				GCC_WARN_UNINITIALIZED_AUTOS = YES;
				GCC_WARN_UNUSED_VARIABLE = YES;
				HEADER_SEARCH_PATHS = "Submodules/GPUImage/framework/**";
				IPHONEOS_DEPLOYMENT_TARGET = 5.0;
				OTHER_CFLAGS = "-DNS_BLOCK_ASSERTIONS=1";
				PROVISIONING_PROFILE = "";
				SDKROOT = iphoneos;
				SHARED_PRECOMPS_DIR = "`";
				VALIDATE_PRODUCT = YES;
			};
			name = AppStore;
		};
		1827BB6C164F8D6200A869B9 /* AppStore */ = {
			isa = XCBuildConfiguration;
			buildSettings = {
				CODE_SIGN_ENTITLEMENTS = "Sepia Camera Pro.entitlements";
				GCC_PRECOMPILE_PREFIX_HEADER = YES;
				GCC_PREFIX_HEADER = "PhotoFX/PhotoFX-Prefix.pch";
				HEADER_SEARCH_PATHS = "Submodules/GPUImage/framework/**";
				INFOPLIST_FILE = "PhotoFX/PhotoFX-Info.plist";
				IPHONEOS_DEPLOYMENT_TARGET = 5.0;
				OTHER_LDFLAGS = (
					"-ObjC",
					"-all_load",
				);
				PRODUCT_NAME = "$(TARGET_NAME)";
				TARGETED_DEVICE_FAMILY = "1,2";
				USER_HEADER_SEARCH_PATHS = "./submodules/sharekit/Classes/ShareKit/** ./submodules/sharekit/Submodules/**";
				WRAPPER_EXTENSION = app;
			};
			name = AppStore;
		};
		1F92414B15F741B90089AAAF /* Debug */ = {
			isa = XCBuildConfiguration;
			buildSettings = {
				ALWAYS_SEARCH_USER_PATHS = NO;
				ARCHS = "$(ARCHS_STANDARD_32_BIT)";
				CLANG_CXX_LANGUAGE_STANDARD = "gnu++0x";
				CLANG_ENABLE_OBJC_ARC = YES;
				CLANG_WARN__DUPLICATE_METHOD_MATCH = YES;
				CODE_SIGN_IDENTITY = "iPhone Developer";
				"CODE_SIGN_IDENTITY[sdk=iphoneos*]" = "iPhone Developer";
				COPY_PHASE_STRIP = NO;
				GCC_C_LANGUAGE_STANDARD = gnu99;
				GCC_DYNAMIC_NO_PIC = NO;
				GCC_OPTIMIZATION_LEVEL = 0;
				GCC_PREPROCESSOR_DEFINITIONS = (
					"DEBUG=1",
					"$(inherited)",
				);
				GCC_SYMBOLS_PRIVATE_EXTERN = NO;
				GCC_VERSION = com.apple.compilers.llvm.clang.1_0;
				GCC_WARN_ABOUT_RETURN_TYPE = YES;
				GCC_WARN_UNINITIALIZED_AUTOS = YES;
				GCC_WARN_UNUSED_VARIABLE = YES;
				HEADER_SEARCH_PATHS = "Submodules/GPUImage/framework/**";
				IPHONEOS_DEPLOYMENT_TARGET = 5.0;
				PROVISIONING_PROFILE = "";
				SDKROOT = iphoneos;
				SHARED_PRECOMPS_DIR = "`";
			};
			name = Debug;
		};
		1F92414C15F741B90089AAAF /* Release */ = {
			isa = XCBuildConfiguration;
			buildSettings = {
				ALWAYS_SEARCH_USER_PATHS = NO;
				ARCHS = "$(ARCHS_STANDARD_32_BIT)";
				CLANG_CXX_LANGUAGE_STANDARD = "gnu++0x";
				CLANG_ENABLE_OBJC_ARC = YES;
				CLANG_WARN__DUPLICATE_METHOD_MATCH = YES;
				"CODE_SIGN_IDENTITY[sdk=iphoneos*]" = "iPhone Developer";
				COPY_PHASE_STRIP = YES;
				GCC_C_LANGUAGE_STANDARD = gnu99;
				GCC_VERSION = com.apple.compilers.llvm.clang.1_0;
				GCC_WARN_ABOUT_RETURN_TYPE = YES;
				GCC_WARN_UNINITIALIZED_AUTOS = YES;
				GCC_WARN_UNUSED_VARIABLE = YES;
				HEADER_SEARCH_PATHS = "Submodules/GPUImage/framework/**";
				IPHONEOS_DEPLOYMENT_TARGET = 5.0;
				OTHER_CFLAGS = "-DNS_BLOCK_ASSERTIONS=1";
				SDKROOT = iphoneos;
				SHARED_PRECOMPS_DIR = "`";
				VALIDATE_PRODUCT = YES;
			};
			name = Release;
		};
		1F92414E15F741B90089AAAF /* Debug */ = {
			isa = XCBuildConfiguration;
			buildSettings = {
				CODE_SIGN_ENTITLEMENTS = "Sepia Camera Pro.entitlements";
				CODE_SIGN_IDENTITY = "iPhone Developer";
				GCC_PRECOMPILE_PREFIX_HEADER = YES;
				GCC_PREFIX_HEADER = "PhotoFX/PhotoFX-Prefix.pch";
				HEADER_SEARCH_PATHS = "Submodules/GPUImage/framework/**";
				INFOPLIST_FILE = "PhotoFX/PhotoFX-Info.plist";
				IPHONEOS_DEPLOYMENT_TARGET = 5.0;
				OTHER_LDFLAGS = (
					"-ObjC",
					"-all_load",
				);
				PRODUCT_NAME = "$(TARGET_NAME)";
				PROVISIONING_PROFILE = "";
				TARGETED_DEVICE_FAMILY = "1,2";
				USER_HEADER_SEARCH_PATHS = "./submodules/sharekit/Classes/ShareKit/** ./submodules/sharekit/Submodules/**";
				WRAPPER_EXTENSION = app;
			};
			name = Debug;
		};
		1F92414F15F741B90089AAAF /* Release */ = {
			isa = XCBuildConfiguration;
			buildSettings = {
				CODE_SIGN_ENTITLEMENTS = "Sepia Camera Pro.entitlements";
				GCC_PRECOMPILE_PREFIX_HEADER = YES;
				GCC_PREFIX_HEADER = "PhotoFX/PhotoFX-Prefix.pch";
				HEADER_SEARCH_PATHS = "Submodules/GPUImage/framework/**";
				INFOPLIST_FILE = "PhotoFX/PhotoFX-Info.plist";
				IPHONEOS_DEPLOYMENT_TARGET = 5.0;
				OTHER_LDFLAGS = (
					"-ObjC",
					"-all_load",
				);
				PRODUCT_NAME = "$(TARGET_NAME)";
				TARGETED_DEVICE_FAMILY = "1,2";
				USER_HEADER_SEARCH_PATHS = "./submodules/sharekit/Classes/ShareKit/** ./submodules/sharekit/Submodules/**";
				WRAPPER_EXTENSION = app;
			};
			name = Release;
		};
/* End XCBuildConfiguration section */

/* Begin XCConfigurationList section */
		1F92412915F741B90089AAAF /* Build configuration list for PBXProject "PhotoFX" */ = {
			isa = XCConfigurationList;
			buildConfigurations = (
				1F92414B15F741B90089AAAF /* Debug */,
				1F92414C15F741B90089AAAF /* Release */,
				1827BB6B164F8D6200A869B9 /* AppStore */,
			);
			defaultConfigurationIsVisible = 0;
			defaultConfigurationName = Release;
		};
		1F92414D15F741B90089AAAF /* Build configuration list for PBXNativeTarget "SepiaCam Pro" */ = {
			isa = XCConfigurationList;
			buildConfigurations = (
				1F92414E15F741B90089AAAF /* Debug */,
				1F92414F15F741B90089AAAF /* Release */,
				1827BB6C164F8D6200A869B9 /* AppStore */,
			);
			defaultConfigurationIsVisible = 0;
			defaultConfigurationName = Release;
		};
/* End XCConfigurationList section */
	};
	rootObject = 1F92412615F741B90089AAAF /* Project object */;
}
